# This file is @generated by PDM.
# It is not intended for manual editing.

[metadata]
groups = ["default"]
strategy = ["inherit_metadata"]
lock_version = "4.5.0"
content_hash = "sha256:a97470dd3a4c843b0e10334a786a277a97974e41f9fdf6436434c25524624506"

[[metadata.targets]]
requires_python = ">=3.13"

[[package]]
name = "annotated-types"
version = "0.7.0"
requires_python = ">=3.8"
summary = "Reusable constraint types to use with typing.Annotated"
groups = ["default"]
dependencies = [
    "typing-extensions>=4.0.0; python_version < \"3.9\"",
]
files = [
    {file = "annotated_types-0.7.0-py3-none-any.whl", hash = "sha256:1f02e8b43a8fbbc3f3e0d4f0f4bfc8131bcb4eebe8849b8e5c773f3a1c582a53"},
    {file = "annotated_types-0.7.0.tar.gz", hash = "sha256:aff07c09a53a08bc8cfccb9c85b05f1aa9a2a6f23728d790723543408344ce89"},
]

[[package]]
name = "anyio"
version = "4.11.0"
requires_python = ">=3.9"
summary = "High-level concurrency and networking framework on top of asyncio or Trio"
groups = ["default"]
dependencies = [
    "exceptiongroup>=1.0.2; python_version < \"3.11\"",
    "idna>=2.8",
    "sniffio>=1.1",
    "typing-extensions>=4.5; python_version < \"3.13\"",
]
files = [
    {file = "anyio-4.11.0-py3-none-any.whl", hash = "sha256:0287e96f4d26d4149305414d4e3bc32f0dcd0862365a4bddea19d7a1ec38c4fc"},
    {file = "anyio-4.11.0.tar.gz", hash = "sha256:82a8d0b81e318cc5ce71a5f1f8b5c4e63619620b63141ef8c995fa0db95a57c4"},
]

[[package]]
name = "certifi"
version = "2025.10.5"
requires_python = ">=3.7"
summary = "Python package for providing Mozilla's CA Bundle."
groups = ["default"]
files = [
    {file = "certifi-2025.10.5-py3-none-any.whl", hash = "sha256:0f212c2744a9bb6de0c56639a6f68afe01ecd92d91f14ae897c4fe7bbeeef0de"},
    {file = "certifi-2025.10.5.tar.gz", hash = "sha256:47c09d31ccf2acf0be3f701ea53595ee7e0b8fa08801c6624be771df09ae7b43"},
]

[[package]]
name = "colorama"
version = "0.4.6"
requires_python = "!=3.0.*,!=3.1.*,!=3.2.*,!=3.3.*,!=3.4.*,!=3.5.*,!=3.6.*,>=2.7"
summary = "Cross-platform colored terminal text."
groups = ["default"]
marker = "platform_system == \"Windows\""
files = [
    {file = "colorama-0.4.6-py2.py3-none-any.whl", hash = "sha256:4f1d9991f5acc0ca119f9d443620b77f9d6b33703e51011c16baf57afb285fc6"},
    {file = "colorama-0.4.6.tar.gz", hash = "sha256:08695f5cb7ed6e0531a20572697297273c47b8cae5a63ffc6d6ed5c201be6e44"},
]

[[package]]
name = "distro"
version = "1.9.0"
requires_python = ">=3.6"
summary = "Distro - an OS platform information API"
groups = ["default"]
files = [
    {file = "distro-1.9.0-py3-none-any.whl", hash = "sha256:7bffd925d65168f85027d8da9af6bddab658135b840670a223589bc0c8ef02b2"},
    {file = "distro-1.9.0.tar.gz", hash = "sha256:2fa77c6fd8940f116ee1d6b94a2f90b13b5ea8d019b98bc8bafdcabcdd9bdbed"},
]

[[package]]
name = "dotenv"
version = "0.9.9"
summary = "Deprecated package"
groups = ["default"]
dependencies = [
    "python-dotenv",
]
files = [
    {file = "dotenv-0.9.9-py2.py3-none-any.whl", hash = "sha256:29cf74a087b31dafdb5a446b6d7e11cbce8ed2741540e2339c69fbef92c94ce9"},
]

[[package]]
name = "grpcio"
version = "1.75.1"
requires_python = ">=3.9"
summary = "HTTP/2-based RPC framework"
groups = ["default"]
dependencies = [
    "typing-extensions~=4.12",
]
files = [
    {file = "grpcio-1.75.1-cp313-cp313-linux_armv7l.whl", hash = "sha256:3bed22e750d91d53d9e31e0af35a7b0b51367e974e14a4ff229db5b207647884"},
    {file = "grpcio-1.75.1-cp313-cp313-macosx_11_0_universal2.whl", hash = "sha256:5b8f381eadcd6ecaa143a21e9e80a26424c76a0a9b3d546febe6648f3a36a5ac"},
    {file = "grpcio-1.75.1-cp313-cp313-manylinux2014_aarch64.manylinux_2_17_aarch64.whl", hash = "sha256:5bf4001d3293e3414d0cf99ff9b1139106e57c3a66dfff0c5f60b2a6286ec133"},
    {file = "grpcio-1.75.1-cp313-cp313-manylinux2014_i686.manylinux_2_17_i686.whl", hash = "sha256:9f82ff474103e26351dacfe8d50214e7c9322960d8d07ba7fa1d05ff981c8b2d"},
    {file = "grpcio-1.75.1-cp313-cp313-manylinux2014_x86_64.manylinux_2_17_x86_64.whl", hash = "sha256:0ee119f4f88d9f75414217823d21d75bfe0e6ed40135b0cbbfc6376bc9f7757d"},
    {file = "grpcio-1.75.1-cp313-cp313-musllinux_1_2_aarch64.whl", hash = "sha256:664eecc3abe6d916fa6cf8dd6b778e62fb264a70f3430a3180995bf2da935446"},
    {file = "grpcio-1.75.1-cp313-cp313-musllinux_1_2_i686.whl", hash = "sha256:c32193fa08b2fbebf08fe08e84f8a0aad32d87c3ad42999c65e9449871b1c66e"},
    {file = "grpcio-1.75.1-cp313-cp313-musllinux_1_2_x86_64.whl", hash = "sha256:5cebe13088b9254f6e615bcf1da9131d46cfa4e88039454aca9cb65f639bd3bc"},
    {file = "grpcio-1.75.1-cp313-cp313-win32.whl", hash = "sha256:4b4c678e7ed50f8ae8b8dbad15a865ee73ce12668b6aaf411bf3258b5bc3f970"},
    {file = "grpcio-1.75.1-cp313-cp313-win_amd64.whl", hash = "sha256:5573f51e3f296a1bcf71e7a690c092845fb223072120f4bdb7a5b48e111def66"},
    {file = "grpcio-1.75.1-cp314-cp314-linux_armv7l.whl", hash = "sha256:c05da79068dd96723793bffc8d0e64c45f316248417515f28d22204d9dae51c7"},
    {file = "grpcio-1.75.1-cp314-cp314-macosx_11_0_universal2.whl", hash = "sha256:06373a94fd16ec287116a825161dca179a0402d0c60674ceeec8c9fba344fe66"},
    {file = "grpcio-1.75.1-cp314-cp314-manylinux2014_aarch64.manylinux_2_17_aarch64.whl", hash = "sha256:4484f4b7287bdaa7a5b3980f3c7224c3c622669405d20f69549f5fb956ad0421"},
    {file = "grpcio-1.75.1-cp314-cp314-manylinux2014_i686.manylinux_2_17_i686.whl", hash = "sha256:2720c239c1180eee69f7883c1d4c83fc1a495a2535b5fa322887c70bf02b16e8"},
    {file = "grpcio-1.75.1-cp314-cp314-manylinux2014_x86_64.manylinux_2_17_x86_64.whl", hash = "sha256:07a554fa31c668cf0e7a188678ceeca3cb8fead29bbe455352e712ec33ca701c"},
    {file = "grpcio-1.75.1-cp314-cp314-musllinux_1_2_aarch64.whl", hash = "sha256:3e71a2105210366bfc398eef7f57a664df99194f3520edb88b9c3a7e46ee0d64"},
    {file = "grpcio-1.75.1-cp314-cp314-musllinux_1_2_i686.whl", hash = "sha256:8679aa8a5b67976776d3c6b0521e99d1c34db8a312a12bcfd78a7085cb9b604e"},
    {file = "grpcio-1.75.1-cp314-cp314-musllinux_1_2_x86_64.whl", hash = "sha256:aad1c774f4ebf0696a7f148a56d39a3432550612597331792528895258966dc0"},
    {file = "grpcio-1.75.1-cp314-cp314-win32.whl", hash = "sha256:62ce42d9994446b307649cb2a23335fa8e927f7ab2cbf5fcb844d6acb4d85f9c"},
    {file = "grpcio-1.75.1-cp314-cp314-win_amd64.whl", hash = "sha256:f86e92275710bea3000cb79feca1762dc0ad3b27830dd1a74e82ab321d4ee464"},
    {file = "grpcio-1.75.1.tar.gz", hash = "sha256:3e81d89ece99b9ace23a6916880baca613c03a799925afb2857887efa8b1b3d2"},
]

[[package]]
name = "h11"
version = "0.16.0"
requires_python = ">=3.8"
summary = "A pure-Python, bring-your-own-I/O implementation of HTTP/1.1"
groups = ["default"]
files = [
    {file = "h11-0.16.0-py3-none-any.whl", hash = "sha256:63cf8bbe7522de3bf65932fda1d9c2772064ffb3dae62d55932da54b31cb6c86"},
    {file = "h11-0.16.0.tar.gz", hash = "sha256:4e35b956cf45792e4caa5885e69fba00bdbc6ffafbfa020300e549b208ee5ff1"},
]

[[package]]
name = "httpcore"
version = "1.0.9"
requires_python = ">=3.8"
summary = "A minimal low-level HTTP client."
groups = ["default"]
dependencies = [
    "certifi",
    "h11>=0.16",
]
files = [
    {file = "httpcore-1.0.9-py3-none-any.whl", hash = "sha256:2d400746a40668fc9dec9810239072b40b4484b640a8c38fd654a024c7a1bf55"},
    {file = "httpcore-1.0.9.tar.gz", hash = "sha256:6e34463af53fd2ab5d807f399a9b45ea31c3dfa2276f15a2c3f00afff6e176e8"},
]

[[package]]
name = "httpx"
version = "0.28.1"
requires_python = ">=3.8"
summary = "The next generation HTTP client."
groups = ["default"]
dependencies = [
    "anyio",
    "certifi",
    "httpcore==1.*",
    "idna",
]
files = [
    {file = "httpx-0.28.1-py3-none-any.whl", hash = "sha256:d909fcccc110f8c7faf814ca82a9a4d816bc5a6dbfea25d6591d6985b8ba59ad"},
    {file = "httpx-0.28.1.tar.gz", hash = "sha256:75e98c5f16b0f35b567856f597f06ff2270a374470a5c2392242528e3e3e42fc"},
]

[[package]]
name = "idna"
version = "3.10"
requires_python = ">=3.6"
summary = "Internationalized Domain Names in Applications (IDNA)"
groups = ["default"]
files = [
    {file = "idna-3.10-py3-none-any.whl", hash = "sha256:946d195a0d259cbba61165e88e65941f16e9b36ea6ddb97f00452bae8b1287d3"},
    {file = "idna-3.10.tar.gz", hash = "sha256:12f65c9b470abda6dc35cf8e63cc574b1c52b11df2c86030af0ac09b01b13ea9"},
]

[[package]]
name = "jiter"
version = "0.11.0"
requires_python = ">=3.9"
summary = "Fast iterable JSON parser."
groups = ["default"]
files = [
    {file = "jiter-0.11.0-cp313-cp313-macosx_10_12_x86_64.whl", hash = "sha256:4441a91b80a80249f9a6452c14b2c24708f139f64de959943dfeaa6cb915e8eb"},
    {file = "jiter-0.11.0-cp313-cp313-macosx_11_0_arm64.whl", hash = "sha256:ff85fc6d2a431251ad82dbd1ea953affb5a60376b62e7d6809c5cd058bb39471"},
    {file = "jiter-0.11.0-cp313-cp313-manylinux_2_17_aarch64.manylinux2014_aarch64.whl", hash = "sha256:c5e86126d64706fd28dfc46f910d496923c6f95b395138c02d0e252947f452bd"},
    {file = "jiter-0.11.0-cp313-cp313-manylinux_2_17_armv7l.manylinux2014_armv7l.whl", hash = "sha256:4ad8bd82165961867a10f52010590ce0b7a8c53da5ddd8bbb62fef68c181b921"},
    {file = "jiter-0.11.0-cp313-cp313-manylinux_2_17_ppc64le.manylinux2014_ppc64le.whl", hash = "sha256:b42c2cd74273455ce439fd9528db0c6e84b5623cb74572305bdd9f2f2961d3df"},
    {file = "jiter-0.11.0-cp313-cp313-manylinux_2_17_s390x.manylinux2014_s390x.whl", hash = "sha256:f0062dab98172dd0599fcdbf90214d0dcde070b1ff38a00cc1b90e111f071982"},
    {file = "jiter-0.11.0-cp313-cp313-manylinux_2_17_x86_64.manylinux2014_x86_64.whl", hash = "sha256:bb948402821bc76d1f6ef0f9e19b816f9b09f8577844ba7140f0b6afe994bc64"},
    {file = "jiter-0.11.0-cp313-cp313-manylinux_2_5_i686.manylinux1_i686.whl", hash = "sha256:25a5b1110cca7329fd0daf5060faa1234be5c11e988948e4f1a1923b6a457fe1"},
    {file = "jiter-0.11.0-cp313-cp313-musllinux_1_1_aarch64.whl", hash = "sha256:bf11807e802a214daf6c485037778843fadd3e2ec29377ae17e0706ec1a25758"},
    {file = "jiter-0.11.0-cp313-cp313-musllinux_1_1_x86_64.whl", hash = "sha256:dbb57da40631c267861dd0090461222060960012d70fd6e4c799b0f62d0ba166"},
    {file = "jiter-0.11.0-cp313-cp313-win32.whl", hash = "sha256:8e36924dad32c48d3c5e188d169e71dc6e84d6cb8dedefea089de5739d1d2f80"},
    {file = "jiter-0.11.0-cp313-cp313-win_amd64.whl", hash = "sha256:452d13e4fd59698408087235259cebe67d9d49173b4dacb3e8d35ce4acf385d6"},
    {file = "jiter-0.11.0-cp313-cp313t-macosx_11_0_arm64.whl", hash = "sha256:089f9df9f69532d1339e83142438668f52c97cd22ee2d1195551c2b1a9e6cf33"},
    {file = "jiter-0.11.0-cp313-cp313t-manylinux_2_17_x86_64.manylinux2014_x86_64.whl", hash = "sha256:29ed1fe69a8c69bf0f2a962d8d706c7b89b50f1332cd6b9fbda014f60bd03a03"},
    {file = "jiter-0.11.0-cp313-cp313t-win_amd64.whl", hash = "sha256:a4d71d7ea6ea8786291423fe209acf6f8d398a0759d03e7f24094acb8ab686ba"},
    {file = "jiter-0.11.0-cp314-cp314-macosx_10_12_x86_64.whl", hash = "sha256:9a6dff27eca70930bdbe4cbb7c1a4ba8526e13b63dc808c0670083d2d51a4a72"},
    {file = "jiter-0.11.0-cp314-cp314-macosx_11_0_arm64.whl", hash = "sha256:b1ae2a7593a62132c7d4c2abbee80bbbb94fdc6d157e2c6cc966250c564ef774"},
    {file = "jiter-0.11.0-cp314-cp314-manylinux_2_17_aarch64.manylinux2014_aarch64.whl", hash = "sha256:7b13a431dba4b059e9e43019d3022346d009baf5066c24dcdea321a303cde9f0"},
    {file = "jiter-0.11.0-cp314-cp314-manylinux_2_17_armv7l.manylinux2014_armv7l.whl", hash = "sha256:af62e84ca3889604ebb645df3b0a3f3bcf6b92babbff642bd214616f57abb93a"},
    {file = "jiter-0.11.0-cp314-cp314-manylinux_2_17_ppc64le.manylinux2014_ppc64le.whl", hash = "sha256:c6f3b32bb723246e6b351aecace52aba78adb8eeb4b2391630322dc30ff6c773"},
    {file = "jiter-0.11.0-cp314-cp314-manylinux_2_17_s390x.manylinux2014_s390x.whl", hash = "sha256:adcab442f4a099a358a7f562eaa54ed6456fb866e922c6545a717be51dbed7d7"},
    {file = "jiter-0.11.0-cp314-cp314-manylinux_2_17_x86_64.manylinux2014_x86_64.whl", hash = "sha256:c9967c2ab338ee2b2c0102fd379ec2693c496abf71ffd47e4d791d1f593b68e2"},
    {file = "jiter-0.11.0-cp314-cp314-manylinux_2_5_i686.manylinux1_i686.whl", hash = "sha256:e7d0bed3b187af8b47a981d9742ddfc1d9b252a7235471ad6078e7e4e5fe75c2"},
    {file = "jiter-0.11.0-cp314-cp314-musllinux_1_1_aarch64.whl", hash = "sha256:f6fe0283e903ebc55f1a6cc569b8c1f3bf4abd026fed85e3ff8598a9e6f982f0"},
    {file = "jiter-0.11.0-cp314-cp314-musllinux_1_1_x86_64.whl", hash = "sha256:4ee5821e3d66606b29ae5b497230b304f1376f38137d69e35f8d2bd5f310ff73"},
    {file = "jiter-0.11.0-cp314-cp314-win32.whl", hash = "sha256:c2d13ba7567ca8799f17c76ed56b1d49be30df996eb7fa33e46b62800562a5e2"},
    {file = "jiter-0.11.0-cp314-cp314t-macosx_11_0_arm64.whl", hash = "sha256:fb4790497369d134a07fc763cc88888c46f734abdd66f9fdf7865038bf3a8f40"},
    {file = "jiter-0.11.0-cp314-cp314t-manylinux_2_17_x86_64.manylinux2014_x86_64.whl", hash = "sha256:6e2bbf24f16ba5ad4441a9845e40e4ea0cb9eed00e76ba94050664ef53ef4406"},
    {file = "jiter-0.11.0.tar.gz", hash = "sha256:1d9637eaf8c1d6a63d6562f2a6e5ab3af946c66037eb1b894e8fad75422266e4"},
]

[[package]]
name = "milvus-lite"
version = "2.5.1"
requires_python = ">=3.7"
summary = "A lightweight version of Milvus wrapped with Python."
groups = ["default"]
marker = "sys_platform != \"win32\""
dependencies = [
    "tqdm",
]
files = [
    {file = "milvus_lite-2.5.1-py3-none-macosx_10_9_x86_64.whl", hash = "sha256:6b014453200ba977be37ba660cb2d021030375fa6a35bc53c2e1d92980a0c512"},
    {file = "milvus_lite-2.5.1-py3-none-macosx_11_0_arm64.whl", hash = "sha256:a2e031088bf308afe5f8567850412d618cfb05a65238ed1a6117f60decccc95a"},
    {file = "milvus_lite-2.5.1-py3-none-manylinux2014_aarch64.whl", hash = "sha256:a13277e9bacc6933dea172e42231f7e6135bd3bdb073dd2688ee180418abd8d9"},
    {file = "milvus_lite-2.5.1-py3-none-manylinux2014_x86_64.whl", hash = "sha256:25ce13f4b8d46876dd2b7ac8563d7d8306da7ff3999bb0d14b116b30f71d706c"},
]

[[package]]
name = "numpy"
version = "2.3.3"
requires_python = ">=3.11"
summary = "Fundamental package for array computing in Python"
groups = ["default"]
marker = "python_version >= \"3.12\""
files = [
    {file = "numpy-2.3.3-cp313-cp313-macosx_10_13_x86_64.whl", hash = "sha256:f5415fb78995644253370985342cd03572ef8620b934da27d77377a2285955bf"},
    {file = "numpy-2.3.3-cp313-cp313-macosx_11_0_arm64.whl", hash = "sha256:d00de139a3324e26ed5b95870ce63be7ec7352171bc69a4cf1f157a48e3eb6b7"},
    {file = "numpy-2.3.3-cp313-cp313-macosx_14_0_arm64.whl", hash = "sha256:9dc13c6a5829610cc07422bc74d3ac083bd8323f14e2827d992f9e52e22cd6a6"},
    {file = "numpy-2.3.3-cp313-cp313-macosx_14_0_x86_64.whl", hash = "sha256:d79715d95f1894771eb4e60fb23f065663b2298f7d22945d66877aadf33d00c7"},
    {file = "numpy-2.3.3-cp313-cp313-manylinux_2_27_aarch64.manylinux_2_28_aarch64.whl", hash = "sha256:952cfd0748514ea7c3afc729a0fc639e61655ce4c55ab9acfab14bda4f402b4c"},
    {file = "numpy-2.3.3-cp313-cp313-manylinux_2_27_x86_64.manylinux_2_28_x86_64.whl", hash = "sha256:5b83648633d46f77039c29078751f80da65aa64d5622a3cd62aaef9d835b6c93"},
    {file = "numpy-2.3.3-cp313-cp313-musllinux_1_2_aarch64.whl", hash = "sha256:b001bae8cea1c7dfdb2ae2b017ed0a6f2102d7a70059df1e338e307a4c78a8ae"},
    {file = "numpy-2.3.3-cp313-cp313-musllinux_1_2_x86_64.whl", hash = "sha256:8e9aced64054739037d42fb84c54dd38b81ee238816c948c8f3ed134665dcd86"},
    {file = "numpy-2.3.3-cp313-cp313-win32.whl", hash = "sha256:9591e1221db3f37751e6442850429b3aabf7026d3b05542d102944ca7f00c8a8"},
    {file = "numpy-2.3.3-cp313-cp313-win_amd64.whl", hash = "sha256:f0dadeb302887f07431910f67a14d57209ed91130be0adea2f9793f1a4f817cf"},
    {file = "numpy-2.3.3-cp313-cp313-win_arm64.whl", hash = "sha256:3c7cf302ac6e0b76a64c4aecf1a09e51abd9b01fc7feee80f6c43e3ab1b1dbc5"},
    {file = "numpy-2.3.3-cp313-cp313t-macosx_10_13_x86_64.whl", hash = "sha256:eda59e44957d272846bb407aad19f89dc6f58fecf3504bd144f4c5cf81a7eacc"},
    {file = "numpy-2.3.3-cp313-cp313t-macosx_11_0_arm64.whl", hash = "sha256:823d04112bc85ef5c4fda73ba24e6096c8f869931405a80aa8b0e604510a26bc"},
    {file = "numpy-2.3.3-cp313-cp313t-macosx_14_0_arm64.whl", hash = "sha256:40051003e03db4041aa325da2a0971ba41cf65714e65d296397cc0e32de6018b"},
    {file = "numpy-2.3.3-cp313-cp313t-macosx_14_0_x86_64.whl", hash = "sha256:6ee9086235dd6ab7ae75aba5662f582a81ced49f0f1c6de4260a78d8f2d91a19"},
    {file = "numpy-2.3.3-cp313-cp313t-manylinux_2_27_aarch64.manylinux_2_28_aarch64.whl", hash = "sha256:94fcaa68757c3e2e668ddadeaa86ab05499a70725811e582b6a9858dd472fb30"},
    {file = "numpy-2.3.3-cp313-cp313t-manylinux_2_27_x86_64.manylinux_2_28_x86_64.whl", hash = "sha256:da1a74b90e7483d6ce5244053399a614b1d6b7bc30a60d2f570e5071f8959d3e"},
    {file = "numpy-2.3.3-cp313-cp313t-musllinux_1_2_aarch64.whl", hash = "sha256:2990adf06d1ecee3b3dcbb4977dfab6e9f09807598d647f04d385d29e7a3c3d3"},
    {file = "numpy-2.3.3-cp313-cp313t-musllinux_1_2_x86_64.whl", hash = "sha256:ed635ff692483b8e3f0fcaa8e7eb8a75ee71aa6d975388224f70821421800cea"},
    {file = "numpy-2.3.3-cp313-cp313t-win32.whl", hash = "sha256:a333b4ed33d8dc2b373cc955ca57babc00cd6f9009991d9edc5ddbc1bac36bcd"},
    {file = "numpy-2.3.3-cp313-cp313t-win_amd64.whl", hash = "sha256:4384a169c4d8f97195980815d6fcad04933a7e1ab3b530921c3fef7a1c63426d"},
    {file = "numpy-2.3.3-cp313-cp313t-win_arm64.whl", hash = "sha256:75370986cc0bc66f4ce5110ad35aae6d182cc4ce6433c40ad151f53690130bf1"},
    {file = "numpy-2.3.3-cp314-cp314-macosx_10_13_x86_64.whl", hash = "sha256:cd052f1fa6a78dee696b58a914b7229ecfa41f0a6d96dc663c1220a55e137593"},
    {file = "numpy-2.3.3-cp314-cp314-macosx_11_0_arm64.whl", hash = "sha256:414a97499480067d305fcac9716c29cf4d0d76db6ebf0bf3cbce666677f12652"},
    {file = "numpy-2.3.3-cp314-cp314-macosx_14_0_arm64.whl", hash = "sha256:50a5fe69f135f88a2be9b6ca0481a68a136f6febe1916e4920e12f1a34e708a7"},
    {file = "numpy-2.3.3-cp314-cp314-macosx_14_0_x86_64.whl", hash = "sha256:b912f2ed2b67a129e6a601e9d93d4fa37bef67e54cac442a2f588a54afe5c67a"},
    {file = "numpy-2.3.3-cp314-cp314-manylinux_2_27_aarch64.manylinux_2_28_aarch64.whl", hash = "sha256:9e318ee0596d76d4cb3d78535dc005fa60e5ea348cd131a51e99d0bdbe0b54fe"},
    {file = "numpy-2.3.3-cp314-cp314-manylinux_2_27_x86_64.manylinux_2_28_x86_64.whl", hash = "sha256:ce020080e4a52426202bdb6f7691c65bb55e49f261f31a8f506c9f6bc7450421"},
    {file = "numpy-2.3.3-cp314-cp314-musllinux_1_2_aarch64.whl", hash = "sha256:e6687dc183aa55dae4a705b35f9c0f8cb178bcaa2f029b241ac5356221d5c021"},
    {file = "numpy-2.3.3-cp314-cp314-musllinux_1_2_x86_64.whl", hash = "sha256:d8f3b1080782469fdc1718c4ed1d22549b5fb12af0d57d35e992158a772a37cf"},
    {file = "numpy-2.3.3-cp314-cp314-win32.whl", hash = "sha256:cb248499b0bc3be66ebd6578b83e5acacf1d6cb2a77f2248ce0e40fbec5a76d0"},
    {file = "numpy-2.3.3-cp314-cp314-win_amd64.whl", hash = "sha256:691808c2b26b0f002a032c73255d0bd89751425f379f7bcd22d140db593a96e8"},
    {file = "numpy-2.3.3-cp314-cp314-win_arm64.whl", hash = "sha256:9ad12e976ca7b10f1774b03615a2a4bab8addce37ecc77394d8e986927dc0dfe"},
    {file = "numpy-2.3.3-cp314-cp314t-macosx_10_13_x86_64.whl", hash = "sha256:9cc48e09feb11e1db00b320e9d30a4151f7369afb96bd0e48d942d09da3a0d00"},
    {file = "numpy-2.3.3-cp314-cp314t-macosx_11_0_arm64.whl", hash = "sha256:901bf6123879b7f251d3631967fd574690734236075082078e0571977c6a8e6a"},
    {file = "numpy-2.3.3-cp314-cp314t-macosx_14_0_arm64.whl", hash = "sha256:7f025652034199c301049296b59fa7d52c7e625017cae4c75d8662e377bf487d"},
    {file = "numpy-2.3.3-cp314-cp314t-macosx_14_0_x86_64.whl", hash = "sha256:533ca5f6d325c80b6007d4d7fb1984c303553534191024ec6a524a4c92a5935a"},
    {file = "numpy-2.3.3-cp314-cp314t-manylinux_2_27_aarch64.manylinux_2_28_aarch64.whl", hash = "sha256:0edd58682a399824633b66885d699d7de982800053acf20be1eaa46d92009c54"},
    {file = "numpy-2.3.3-cp314-cp314t-manylinux_2_27_x86_64.manylinux_2_28_x86_64.whl", hash = "sha256:367ad5d8fbec5d9296d18478804a530f1191e24ab4d75ab408346ae88045d25e"},
    {file = "numpy-2.3.3-cp314-cp314t-musllinux_1_2_aarch64.whl", hash = "sha256:8f6ac61a217437946a1fa48d24c47c91a0c4f725237871117dea264982128097"},
    {file = "numpy-2.3.3-cp314-cp314t-musllinux_1_2_x86_64.whl", hash = "sha256:179a42101b845a816d464b6fe9a845dfaf308fdfc7925387195570789bb2c970"},
    {file = "numpy-2.3.3-cp314-cp314t-win32.whl", hash = "sha256:1250c5d3d2562ec4174bce2e3a1523041595f9b651065e4a4473f5f48a6bc8a5"},
    {file = "numpy-2.3.3-cp314-cp314t-win_amd64.whl", hash = "sha256:b37a0b2e5935409daebe82c1e42274d30d9dd355852529eab91dab8dcca7419f"},
    {file = "numpy-2.3.3-cp314-cp314t-win_arm64.whl", hash = "sha256:78c9f6560dc7e6b3990e32df7ea1a50bbd0e2a111e05209963f5ddcab7073b0b"},
    {file = "numpy-2.3.3.tar.gz", hash = "sha256:ddc7c39727ba62b80dfdbedf400d1c10ddfa8eefbd7ec8dcb118be8b56d31029"},
]

[[package]]
name = "openai"
version = "2.2.0"
requires_python = ">=3.8"
summary = "The official Python library for the openai API"
groups = ["default"]
dependencies = [
    "anyio<5,>=3.5.0",
    "distro<2,>=1.7.0",
    "httpx<1,>=0.23.0",
    "jiter<1,>=0.4.0",
    "pydantic<3,>=1.9.0",
    "sniffio",
    "tqdm>4",
    "typing-extensions<5,>=4.11",
]
files = [
    {file = "openai-2.2.0-py3-none-any.whl", hash = "sha256:d222e63436e33f3134a3d7ce490dc2d2f146fa98036eb65cc225df3ce163916f"},
    {file = "openai-2.2.0.tar.gz", hash = "sha256:bc49d077a8bf0e370eec4d038bc05e232c20855a19df0b58e5b3e5a8da7d33e0"},
]

[[package]]
name = "pandas"
version = "2.3.3"
requires_python = ">=3.9"
summary = "Powerful data structures for data analysis, time series, and statistics"
groups = ["default"]
dependencies = [
    "numpy>=1.22.4; python_version < \"3.11\"",
    "numpy>=1.23.2; python_version == \"3.11\"",
    "numpy>=1.26.0; python_version >= \"3.12\"",
    "python-dateutil>=2.8.2",
    "pytz>=2020.1",
    "tzdata>=2022.7",
]
files = [
    {file = "pandas-2.3.3-cp313-cp313-macosx_10_13_x86_64.whl", hash = "sha256:56851a737e3470de7fa88e6131f41281ed440d29a9268dcbf0002da5ac366713"},
    {file = "pandas-2.3.3-cp313-cp313-macosx_11_0_arm64.whl", hash = "sha256:bdcd9d1167f4885211e401b3036c0c8d9e274eee67ea8d0758a256d60704cfe8"},
    {file = "pandas-2.3.3-cp313-cp313-manylinux_2_24_aarch64.manylinux_2_28_aarch64.whl", hash = "sha256:e32e7cc9af0f1cc15548288a51a3b681cc2a219faa838e995f7dc53dbab1062d"},
    {file = "pandas-2.3.3-cp313-cp313-manylinux_2_24_x86_64.manylinux_2_28_x86_64.whl", hash = "sha256:318d77e0e42a628c04dc56bcef4b40de67918f7041c2b061af1da41dcff670ac"},
    {file = "pandas-2.3.3-cp313-cp313-musllinux_1_2_aarch64.whl", hash = "sha256:4e0a175408804d566144e170d0476b15d78458795bb18f1304fb94160cabf40c"},
    {file = "pandas-2.3.3-cp313-cp313-musllinux_1_2_x86_64.whl", hash = "sha256:93c2d9ab0fc11822b5eece72ec9587e172f63cff87c00b062f6e37448ced4493"},
    {file = "pandas-2.3.3-cp313-cp313-win_amd64.whl", hash = "sha256:f8bfc0e12dc78f777f323f55c58649591b2cd0c43534e8355c51d3fede5f4dee"},
    {file = "pandas-2.3.3-cp313-cp313t-macosx_10_13_x86_64.whl", hash = "sha256:75ea25f9529fdec2d2e93a42c523962261e567d250b0013b16210e1d40d7c2e5"},
    {file = "pandas-2.3.3-cp313-cp313t-macosx_11_0_arm64.whl", hash = "sha256:74ecdf1d301e812db96a465a525952f4dde225fdb6d8e5a521d47e1f42041e21"},
    {file = "pandas-2.3.3-cp313-cp313t-manylinux_2_24_aarch64.manylinux_2_28_aarch64.whl", hash = "sha256:6435cb949cb34ec11cc9860246ccb2fdc9ecd742c12d3304989017d53f039a78"},
    {file = "pandas-2.3.3-cp313-cp313t-manylinux_2_24_x86_64.manylinux_2_28_x86_64.whl", hash = "sha256:900f47d8f20860de523a1ac881c4c36d65efcb2eb850e6948140fa781736e110"},
    {file = "pandas-2.3.3-cp313-cp313t-musllinux_1_2_aarch64.whl", hash = "sha256:a45c765238e2ed7d7c608fc5bc4a6f88b642f2f01e70c0c23d2224dd21829d86"},
    {file = "pandas-2.3.3-cp313-cp313t-musllinux_1_2_x86_64.whl", hash = "sha256:c4fc4c21971a1a9f4bdb4c73978c7f7256caa3e62b323f70d6cb80db583350bc"},
    {file = "pandas-2.3.3-cp314-cp314-macosx_10_13_x86_64.whl", hash = "sha256:ee15f284898e7b246df8087fc82b87b01686f98ee67d85a17b7ab44143a3a9a0"},
    {file = "pandas-2.3.3-cp314-cp314-macosx_11_0_arm64.whl", hash = "sha256:1611aedd912e1ff81ff41c745822980c49ce4a7907537be8692c8dbc31924593"},
    {file = "pandas-2.3.3-cp314-cp314-manylinux_2_24_aarch64.manylinux_2_28_aarch64.whl", hash = "sha256:6d2cefc361461662ac48810cb14365a365ce864afe85ef1f447ff5a1e99ea81c"},
    {file = "pandas-2.3.3-cp314-cp314-manylinux_2_24_x86_64.manylinux_2_28_x86_64.whl", hash = "sha256:ee67acbbf05014ea6c763beb097e03cd629961c8a632075eeb34247120abcb4b"},
    {file = "pandas-2.3.3-cp314-cp314-musllinux_1_2_aarch64.whl", hash = "sha256:c46467899aaa4da076d5abc11084634e2d197e9460643dd455ac3db5856b24d6"},
    {file = "pandas-2.3.3-cp314-cp314-musllinux_1_2_x86_64.whl", hash = "sha256:6253c72c6a1d990a410bc7de641d34053364ef8bcd3126f7e7450125887dffe3"},
    {file = "pandas-2.3.3-cp314-cp314-win_amd64.whl", hash = "sha256:1b07204a219b3b7350abaae088f451860223a52cfb8a6c53358e7948735158e5"},
    {file = "pandas-2.3.3-cp314-cp314t-macosx_10_13_x86_64.whl", hash = "sha256:2462b1a365b6109d275250baaae7b760fd25c726aaca0054649286bcfbb3e8ec"},
    {file = "pandas-2.3.3-cp314-cp314t-macosx_11_0_arm64.whl", hash = "sha256:0242fe9a49aa8b4d78a4fa03acb397a58833ef6199e9aa40a95f027bb3a1b6e7"},
    {file = "pandas-2.3.3-cp314-cp314t-manylinux_2_24_aarch64.manylinux_2_28_aarch64.whl", hash = "sha256:a21d830e78df0a515db2b3d2f5570610f5e6bd2e27749770e8bb7b524b89b450"},
    {file = "pandas-2.3.3-cp314-cp314t-manylinux_2_24_x86_64.manylinux_2_28_x86_64.whl", hash = "sha256:2e3ebdb170b5ef78f19bfb71b0dc5dc58775032361fa188e814959b74d726dd5"},
    {file = "pandas-2.3.3-cp314-cp314t-musllinux_1_2_aarch64.whl", hash = "sha256:d051c0e065b94b7a3cea50eb1ec32e912cd96dba41647eb24104b6c6c14c5788"},
    {file = "pandas-2.3.3-cp314-cp314t-musllinux_1_2_x86_64.whl", hash = "sha256:3869faf4bd07b3b66a9f462417d0ca3a9df29a9f6abd5d0d0dbab15dac7abe87"},
    {file = "pandas-2.3.3.tar.gz", hash = "sha256:e05e1af93b977f7eafa636d043f9f94c7ee3ac81af99c13508215942e64c993b"},
]

[[package]]
name = "protobuf"
version = "6.32.1"
requires_python = ">=3.9"
summary = ""
groups = ["default"]
files = [
    {file = "protobuf-6.32.1-cp310-abi3-win32.whl", hash = "sha256:a8a32a84bc9f2aad712041b8b366190f71dde248926da517bde9e832e4412085"},
    {file = "protobuf-6.32.1-cp310-abi3-win_amd64.whl", hash = "sha256:b00a7d8c25fa471f16bc8153d0e53d6c9e827f0953f3c09aaa4331c718cae5e1"},
    {file = "protobuf-6.32.1-cp39-abi3-macosx_10_9_universal2.whl", hash = "sha256:d8c7e6eb619ffdf105ee4ab76af5a68b60a9d0f66da3ea12d1640e6d8dab7281"},
    {file = "protobuf-6.32.1-cp39-abi3-manylinux2014_aarch64.whl", hash = "sha256:2f5b80a49e1eb7b86d85fcd23fe92df154b9730a725c3b38c4e43b9d77018bf4"},
    {file = "protobuf-6.32.1-cp39-abi3-manylinux2014_x86_64.whl", hash = "sha256:b1864818300c297265c83a4982fd3169f97122c299f56a56e2445c3698d34710"},
    {file = "protobuf-6.32.1-py3-none-any.whl", hash = "sha256:2601b779fc7d32a866c6b4404f9d42a3f67c5b9f3f15b4db3cccabe06b95c346"},
    {file = "protobuf-6.32.1.tar.gz", hash = "sha256:ee2469e4a021474ab9baafea6cd070e5bf27c7d29433504ddea1a4ee5850f68d"},
]

[[package]]
name = "pydantic"
version = "2.12.0"
requires_python = ">=3.9"
summary = "Data validation using Python type hints"
groups = ["default"]
dependencies = [
    "annotated-types>=0.6.0",
    "pydantic-core==2.41.1",
    "typing-extensions>=4.14.1",
    "typing-inspection>=0.4.2",
]
files = [
    {file = "pydantic-2.12.0-py3-none-any.whl", hash = "sha256:f6a1da352d42790537e95e83a8bdfb91c7efbae63ffd0b86fa823899e807116f"},
    {file = "pydantic-2.12.0.tar.gz", hash = "sha256:c1a077e6270dbfb37bfd8b498b3981e2bb18f68103720e51fa6c306a5a9af563"},
]

[[package]]
name = "pydantic-core"
version = "2.41.1"
requires_python = ">=3.9"
summary = "Core functionality for Pydantic validation and serialization"
groups = ["default"]
dependencies = [
    "typing-extensions>=4.14.1",
]
files = [
    {file = "pydantic_core-2.41.1-cp313-cp313-macosx_10_12_x86_64.whl", hash = "sha256:70e790fce5f05204ef4403159857bfcd587779da78627b0babb3654f75361ebf"},
    {file = "pydantic_core-2.41.1-cp313-cp313-macosx_11_0_arm64.whl", hash = "sha256:9cebf1ca35f10930612d60bd0f78adfacee824c30a880e3534ba02c207cceceb"},
    {file = "pydantic_core-2.41.1-cp313-cp313-manylinux_2_17_aarch64.manylinux2014_aarch64.whl", hash = "sha256:170406a37a5bc82c22c3274616bf6f17cc7df9c4a0a0a50449e559cb755db669"},
    {file = "pydantic_core-2.41.1-cp313-cp313-manylinux_2_17_armv7l.manylinux2014_armv7l.whl", hash = "sha256:12d4257fc9187a0ccd41b8b327d6a4e57281ab75e11dda66a9148ef2e1fb712f"},
    {file = "pydantic_core-2.41.1-cp313-cp313-manylinux_2_17_ppc64le.manylinux2014_ppc64le.whl", hash = "sha256:a75a33b4db105dd1c8d57839e17ee12db8d5ad18209e792fa325dbb4baeb00f4"},
    {file = "pydantic_core-2.41.1-cp313-cp313-manylinux_2_17_s390x.manylinux2014_s390x.whl", hash = "sha256:08a589f850803a74e0fcb16a72081cafb0d72a3cdda500106942b07e76b7bf62"},
    {file = "pydantic_core-2.41.1-cp313-cp313-manylinux_2_17_x86_64.manylinux2014_x86_64.whl", hash = "sha256:7a97939d6ea44763c456bd8a617ceada2c9b96bb5b8ab3dfa0d0827df7619014"},
    {file = "pydantic_core-2.41.1-cp313-cp313-manylinux_2_5_i686.manylinux1_i686.whl", hash = "sha256:d2ae423c65c556f09569524b80ffd11babff61f33055ef9773d7c9fabc11ed8d"},
    {file = "pydantic_core-2.41.1-cp313-cp313-musllinux_1_1_aarch64.whl", hash = "sha256:4dc703015fbf8764d6a8001c327a87f1823b7328d40b47ce6000c65918ad2b4f"},
    {file = "pydantic_core-2.41.1-cp313-cp313-musllinux_1_1_armv7l.whl", hash = "sha256:968e4ffdfd35698a5fe659e5e44c508b53664870a8e61c8f9d24d3d145d30257"},
    {file = "pydantic_core-2.41.1-cp313-cp313-musllinux_1_1_x86_64.whl", hash = "sha256:fff2b76c8e172d34771cd4d4f0ade08072385310f214f823b5a6ad4006890d32"},
    {file = "pydantic_core-2.41.1-cp313-cp313-win32.whl", hash = "sha256:a38a5263185407ceb599f2f035faf4589d57e73c7146d64f10577f6449e8171d"},
    {file = "pydantic_core-2.41.1-cp313-cp313-win_amd64.whl", hash = "sha256:b42ae7fd6760782c975897e1fdc810f483b021b32245b0105d40f6e7a3803e4b"},
    {file = "pydantic_core-2.41.1-cp313-cp313-win_arm64.whl", hash = "sha256:ad4111acc63b7384e205c27a2f15e23ac0ee21a9d77ad6f2e9cb516ec90965fb"},
    {file = "pydantic_core-2.41.1-cp313-cp313t-macosx_11_0_arm64.whl", hash = "sha256:440d0df7415b50084a4ba9d870480c16c5f67c0d1d4d5119e3f70925533a0edc"},
    {file = "pydantic_core-2.41.1-cp313-cp313t-manylinux_2_17_x86_64.manylinux2014_x86_64.whl", hash = "sha256:71eaa38d342099405dae6484216dcf1e8e4b0bebd9b44a4e08c9b43db6a2ab67"},
    {file = "pydantic_core-2.41.1-cp313-cp313t-win_amd64.whl", hash = "sha256:555ecf7e50f1161d3f693bc49f23c82cf6cdeafc71fa37a06120772a09a38795"},
    {file = "pydantic_core-2.41.1-cp314-cp314-macosx_10_12_x86_64.whl", hash = "sha256:05226894a26f6f27e1deb735d7308f74ef5fa3a6de3e0135bb66cdcaee88f64b"},
    {file = "pydantic_core-2.41.1-cp314-cp314-macosx_11_0_arm64.whl", hash = "sha256:85ff7911c6c3e2fd8d3779c50925f6406d770ea58ea6dde9c230d35b52b16b4a"},
    {file = "pydantic_core-2.41.1-cp314-cp314-manylinux_2_17_aarch64.manylinux2014_aarch64.whl", hash = "sha256:47f1f642a205687d59b52dc1a9a607f45e588f5a2e9eeae05edd80c7a8c47674"},
    {file = "pydantic_core-2.41.1-cp314-cp314-manylinux_2_17_armv7l.manylinux2014_armv7l.whl", hash = "sha256:df11c24e138876ace5ec6043e5cae925e34cf38af1a1b3d63589e8f7b5f5cdc4"},
    {file = "pydantic_core-2.41.1-cp314-cp314-manylinux_2_17_ppc64le.manylinux2014_ppc64le.whl", hash = "sha256:7f0bf7f5c8f7bf345c527e8a0d72d6b26eda99c1227b0c34e7e59e181260de31"},
    {file = "pydantic_core-2.41.1-cp314-cp314-manylinux_2_17_s390x.manylinux2014_s390x.whl", hash = "sha256:82b887a711d341c2c47352375d73b029418f55b20bd7815446d175a70effa706"},
    {file = "pydantic_core-2.41.1-cp314-cp314-manylinux_2_17_x86_64.manylinux2014_x86_64.whl", hash = "sha256:b5f1d5d6bbba484bdf220c72d8ecd0be460f4bd4c5e534a541bb2cd57589fb8b"},
    {file = "pydantic_core-2.41.1-cp314-cp314-manylinux_2_5_i686.manylinux1_i686.whl", hash = "sha256:2bf1917385ebe0f968dc5c6ab1375886d56992b93ddfe6bf52bff575d03662be"},
    {file = "pydantic_core-2.41.1-cp314-cp314-musllinux_1_1_aarch64.whl", hash = "sha256:4f94f3ab188f44b9a73f7295663f3ecb8f2e2dd03a69c8f2ead50d37785ecb04"},
    {file = "pydantic_core-2.41.1-cp314-cp314-musllinux_1_1_armv7l.whl", hash = "sha256:3925446673641d37c30bd84a9d597e49f72eacee8b43322c8999fa17d5ae5bc4"},
    {file = "pydantic_core-2.41.1-cp314-cp314-musllinux_1_1_x86_64.whl", hash = "sha256:49bd51cc27adb980c7b97357ae036ce9b3c4d0bb406e84fbe16fb2d368b602a8"},
    {file = "pydantic_core-2.41.1-cp314-cp314-win32.whl", hash = "sha256:a31ca0cd0e4d12ea0df0077df2d487fc3eb9d7f96bbb13c3c5b88dcc21d05159"},
    {file = "pydantic_core-2.41.1-cp314-cp314-win_amd64.whl", hash = "sha256:1b5c4374a152e10a22175d7790e644fbd8ff58418890e07e2073ff9d4414efae"},
    {file = "pydantic_core-2.41.1-cp314-cp314-win_arm64.whl", hash = "sha256:4fee76d757639b493eb600fba668f1e17475af34c17dd61db7a47e824d464ca9"},
    {file = "pydantic_core-2.41.1-cp314-cp314t-macosx_11_0_arm64.whl", hash = "sha256:f9b9c968cfe5cd576fdd7361f47f27adeb120517e637d1b189eea1c3ece573f4"},
    {file = "pydantic_core-2.41.1-cp314-cp314t-manylinux_2_17_x86_64.manylinux2014_x86_64.whl", hash = "sha256:f1ebc7ab67b856384aba09ed74e3e977dded40e693de18a4f197c67d0d4e6d8e"},
    {file = "pydantic_core-2.41.1-cp314-cp314t-win_amd64.whl", hash = "sha256:8ae0dc57b62a762985bc7fbf636be3412394acc0ddb4ade07fe104230f1b9762"},
    {file = "pydantic_core-2.41.1.tar.gz", hash = "sha256:1ad375859a6d8c356b7704ec0f547a58e82ee80bb41baa811ad710e124bc8f2f"},
]

[[package]]
name = "pymilvus"
version = "2.6.2"
requires_python = ">=3.8"
summary = "Python Sdk for Milvus"
groups = ["default"]
dependencies = [
    "grpcio!=1.68.0,!=1.68.1,!=1.69.0,!=1.70.0,!=1.70.1,!=1.71.0,!=1.72.1,!=1.73.0,>=1.66.2",
    "numpy<1.25.0; python_version <= \"3.8\"",
    "pandas>=1.2.4",
    "protobuf>=5.27.2",
    "python-dotenv<2.0.0,>=1.0.1",
    "setuptools<70.1; python_version <= \"3.8\"",
    "setuptools>69",
    "ujson>=2.0.0",
]
files = [
    {file = "pymilvus-2.6.2-py3-none-any.whl", hash = "sha256:933e447e09424d490dcf595053b01a7277dadea7ae3235cd704363bd6792509d"},
    {file = "pymilvus-2.6.2.tar.gz", hash = "sha256:b4802cc954de8f2d47bf8d6230e92196514dcb8a3726ba6098dc27909d4bc8e3"},
]

[[package]]
name = "pymilvus"
version = "2.6.2"
extras = ["milvus_lite"]
requires_python = ">=3.8"
summary = "Python Sdk for Milvus"
groups = ["default"]
dependencies = [
    "milvus-lite>=2.4.0; sys_platform != \"win32\"",
    "pymilvus==2.6.2",
]
files = [
    {file = "pymilvus-2.6.2-py3-none-any.whl", hash = "sha256:933e447e09424d490dcf595053b01a7277dadea7ae3235cd704363bd6792509d"},
    {file = "pymilvus-2.6.2.tar.gz", hash = "sha256:b4802cc954de8f2d47bf8d6230e92196514dcb8a3726ba6098dc27909d4bc8e3"},
]

[[package]]
name = "python-dateutil"
version = "2.9.0.post0"
requires_python = "!=3.0.*,!=3.1.*,!=3.2.*,>=2.7"
summary = "Extensions to the standard Python datetime module"
groups = ["default"]
dependencies = [
    "six>=1.5",
]
files = [
    {file = "python-dateutil-2.9.0.post0.tar.gz", hash = "sha256:37dd54208da7e1cd875388217d5e00ebd4179249f90fb72437e91a35459a0ad3"},
    {file = "python_dateutil-2.9.0.post0-py2.py3-none-any.whl", hash = "sha256:a8b2bc7bffae282281c8140a97d3aa9c14da0b136dfe83f850eea9a5f7470427"},
]

[[package]]
name = "python-dotenv"
version = "1.1.1"
requires_python = ">=3.9"
summary = "Read key-value pairs from a .env file and set them as environment variables"
groups = ["default"]
files = [
    {file = "python_dotenv-1.1.1-py3-none-any.whl", hash = "sha256:31f23644fe2602f88ff55e1f5c79ba497e01224ee7737937930c448e4d0e24dc"},
    {file = "python_dotenv-1.1.1.tar.gz", hash = "sha256:a8a6399716257f45be6a007360200409fce5cda2661e3dec71d23dc15f6189ab"},
]

[[package]]
name = "pytz"
version = "2025.2"
summary = "World timezone definitions, modern and historical"
groups = ["default"]
files = [
    {file = "pytz-2025.2-py2.py3-none-any.whl", hash = "sha256:5ddf76296dd8c44c26eb8f4b6f35488f3ccbf6fbbd7adee0b7262d43f0ec2f00"},
    {file = "pytz-2025.2.tar.gz", hash = "sha256:360b9e3dbb49a209c21ad61809c7fb453643e048b38924c765813546746e81c3"},
]

[[package]]
name = "setuptools"
version = "80.9.0"
requires_python = ">=3.9"
summary = "Easily download, build, install, upgrade, and uninstall Python packages"
groups = ["default"]
files = [
    {file = "setuptools-80.9.0-py3-none-any.whl", hash = "sha256:062d34222ad13e0cc312a4c02d73f059e86a4acbfbdea8f8f76b28c99f306922"},
    {file = "setuptools-80.9.0.tar.gz", hash = "sha256:f36b47402ecde768dbfafc46e8e4207b4360c654f1f3bb84475f0a28628fb19c"},
]

[[package]]
name = "six"
version = "1.17.0"
requires_python = "!=3.0.*,!=3.1.*,!=3.2.*,>=2.7"
summary = "Python 2 and 3 compatibility utilities"
groups = ["default"]
files = [
    {file = "six-1.17.0-py2.py3-none-any.whl", hash = "sha256:4721f391ed90541fddacab5acf947aa0d3dc7d27b2e1e8eda2be8970586c3274"},
    {file = "six-1.17.0.tar.gz", hash = "sha256:ff70335d468e7eb6ec65b95b99d3a2836546063f63acc5171de367e834932a81"},
]

[[package]]
name = "sniffio"
version = "1.3.1"
requires_python = ">=3.7"
summary = "Sniff out which async library your code is running under"
groups = ["default"]
files = [
    {file = "sniffio-1.3.1-py3-none-any.whl", hash = "sha256:2f6da418d1f1e0fddd844478f41680e794e6051915791a034ff65e5f100525a2"},
    {file = "sniffio-1.3.1.tar.gz", hash = "sha256:f4324edc670a0f49750a81b895f35c3adb843cca46f0530f79fc1babb23789dc"},
]

[[package]]
name = "tqdm"
version = "4.67.1"
requires_python = ">=3.7"
summary = "Fast, Extensible Progress Meter"
groups = ["default"]
dependencies = [
    "colorama; platform_system == \"Windows\"",
]
files = [
    {file = "tqdm-4.67.1-py3-none-any.whl", hash = "sha256:26445eca388f82e72884e0d580d5464cd801a3ea01e63e5601bdff9ba6a48de2"},
    {file = "tqdm-4.67.1.tar.gz", hash = "sha256:f8aef9c52c08c13a65f30ea34f4e5aac3fd1a34959879d7e59e63027286627f2"},
]

[[package]]
name = "typing-extensions"
version = "4.15.0"
requires_python = ">=3.9"
summary = "Backported and Experimental Type Hints for Python 3.9+"
groups = ["default"]
files = [
    {file = "typing_extensions-4.15.0-py3-none-any.whl", hash = "sha256:f0fa19c6845758ab08074a0cfa8b7aecb71c999ca73d62883bc25cc018c4e548"},
    {file = "typing_extensions-4.15.0.tar.gz", hash = "sha256:0cea48d173cc12fa28ecabc3b837ea3cf6f38c6d1136f85cbaaf598984861466"},
]

[[package]]
name = "typing-inspection"
version = "0.4.2"
requires_python = ">=3.9"
summary = "Runtime typing introspection tools"
groups = ["default"]
dependencies = [
    "typing-extensions>=4.12.0",
]
files = [
    {file = "typing_inspection-0.4.2-py3-none-any.whl", hash = "sha256:4ed1cacbdc298c220f1bd249ed5287caa16f34d44ef4e9c3d0cbad5b521545e7"},
    {file = "typing_inspection-0.4.2.tar.gz", hash = "sha256:ba561c48a67c5958007083d386c3295464928b01faa735ab8547c5692e87f464"},
]

[[package]]
name = "tzdata"
version = "2025.2"
requires_python = ">=2"
summary = "Provider of IANA time zone data"
groups = ["default"]
files = [
    {file = "tzdata-2025.2-py2.py3-none-any.whl", hash = "sha256:1a403fada01ff9221ca8044d701868fa132215d84beb92242d9acd2147f667a8"},
    {file = "tzdata-2025.2.tar.gz", hash = "sha256:b60a638fcc0daffadf82fe0f57e53d06bdec2f36c4df66280ae79bce6bd6f2b9"},
]

[[package]]
name = "ujson"
version = "5.11.0"
requires_python = ">=3.9"
summary = "Ultra fast JSON encoder and decoder for Python"
groups = ["default"]
files = [
    {file = "ujson-5.11.0-cp313-cp313-macosx_10_13_x86_64.whl", hash = "sha256:109f59885041b14ee9569bf0bb3f98579c3fa0652317b355669939e5fc5ede53"},
    {file = "ujson-5.11.0-cp313-cp313-macosx_11_0_arm64.whl", hash = "sha256:a31c6b8004438e8c20fc55ac1c0e07dad42941db24176fe9acf2815971f8e752"},
    {file = "ujson-5.11.0-cp313-cp313-manylinux_2_24_aarch64.manylinux_2_28_aarch64.whl", hash = "sha256:78c684fb21255b9b90320ba7e199780f653e03f6c2528663768965f4126a5b50"},
    {file = "ujson-5.11.0-cp313-cp313-manylinux_2_24_i686.manylinux_2_28_i686.whl", hash = "sha256:4c9f5d6a27d035dd90a146f7761c2272cf7103de5127c9ab9c4cd39ea61e878a"},
    {file = "ujson-5.11.0-cp313-cp313-manylinux_2_24_x86_64.manylinux_2_28_x86_64.whl", hash = "sha256:837da4d27fed5fdc1b630bd18f519744b23a0b5ada1bbde1a36ba463f2900c03"},
    {file = "ujson-5.11.0-cp313-cp313-musllinux_1_2_aarch64.whl", hash = "sha256:787aff4a84da301b7f3bac09bc696e2e5670df829c6f8ecf39916b4e7e24e701"},
    {file = "ujson-5.11.0-cp313-cp313-musllinux_1_2_i686.whl", hash = "sha256:6dd703c3e86dc6f7044c5ac0b3ae079ed96bf297974598116aa5fb7f655c3a60"},
    {file = "ujson-5.11.0-cp313-cp313-musllinux_1_2_x86_64.whl", hash = "sha256:3772e4fe6b0c1e025ba3c50841a0ca4786825a4894c8411bf8d3afe3a8061328"},
    {file = "ujson-5.11.0-cp313-cp313-win32.whl", hash = "sha256:8fa2af7c1459204b7a42e98263b069bd535ea0cd978b4d6982f35af5a04a4241"},
    {file = "ujson-5.11.0-cp313-cp313-win_amd64.whl", hash = "sha256:34032aeca4510a7c7102bd5933f59a37f63891f30a0706fb46487ab6f0edf8f0"},
    {file = "ujson-5.11.0-cp313-cp313-win_arm64.whl", hash = "sha256:ce076f2df2e1aa62b685086fbad67f2b1d3048369664b4cdccc50707325401f9"},
    {file = "ujson-5.11.0-cp314-cp314-macosx_10_13_x86_64.whl", hash = "sha256:65724738c73645db88f70ba1f2e6fb678f913281804d5da2fd02c8c5839af302"},
    {file = "ujson-5.11.0-cp314-cp314-macosx_11_0_arm64.whl", hash = "sha256:29113c003ca33ab71b1b480bde952fbab2a0b6b03a4ee4c3d71687cdcbd1a29d"},
    {file = "ujson-5.11.0-cp314-cp314-manylinux_2_24_aarch64.manylinux_2_28_aarch64.whl", hash = "sha256:c44c703842024d796b4c78542a6fcd5c3cb948b9fc2a73ee65b9c86a22ee3638"},
    {file = "ujson-5.11.0-cp314-cp314-manylinux_2_24_i686.manylinux_2_28_i686.whl", hash = "sha256:e750c436fb90edf85585f5c62a35b35082502383840962c6983403d1bd96a02c"},
    {file = "ujson-5.11.0-cp314-cp314-manylinux_2_24_x86_64.manylinux_2_28_x86_64.whl", hash = "sha256:f278b31a7c52eb0947b2db55a5133fbc46b6f0ef49972cd1a80843b72e135aba"},
    {file = "ujson-5.11.0-cp314-cp314-musllinux_1_2_aarch64.whl", hash = "sha256:ab2cb8351d976e788669c8281465d44d4e94413718af497b4e7342d7b2f78018"},
    {file = "ujson-5.11.0-cp314-cp314-musllinux_1_2_i686.whl", hash = "sha256:090b4d11b380ae25453100b722d0609d5051ffe98f80ec52853ccf8249dfd840"},
    {file = "ujson-5.11.0-cp314-cp314-musllinux_1_2_x86_64.whl", hash = "sha256:80017e870d882d5517d28995b62e4e518a894f932f1e242cbc802a2fd64d365c"},
    {file = "ujson-5.11.0-cp314-cp314-win32.whl", hash = "sha256:1d663b96eb34c93392e9caae19c099ec4133ba21654b081956613327f0e973ac"},
    {file = "ujson-5.11.0-cp314-cp314-win_amd64.whl", hash = "sha256:849e65b696f0d242833f1df4182096cedc50d414215d1371fca85c541fbff629"},
    {file = "ujson-5.11.0-cp314-cp314-win_arm64.whl", hash = "sha256:e73df8648c9470af2b6a6bf5250d4744ad2cf3d774dcf8c6e31f018bdd04d764"},
    {file = "ujson-5.11.0-cp314-cp314t-macosx_10_13_x86_64.whl", hash = "sha256:de6e88f62796372fba1de973c11138f197d3e0e1d80bcb2b8aae1e826096d433"},
    {file = "ujson-5.11.0-cp314-cp314t-macosx_11_0_arm64.whl", hash = "sha256:49e56ef8066f11b80d620985ae36869a3ff7e4b74c3b6129182ec5d1df0255f3"},
    {file = "ujson-5.11.0-cp314-cp314t-manylinux_2_24_aarch64.manylinux_2_28_aarch64.whl", hash = "sha256:1a325fd2c3a056cf6c8e023f74a0c478dd282a93141356ae7f16d5309f5ff823"},
    {file = "ujson-5.11.0-cp314-cp314t-manylinux_2_24_i686.manylinux_2_28_i686.whl", hash = "sha256:a0af6574fc1d9d53f4ff371f58c96673e6d988ed2b5bf666a6143c782fa007e9"},
    {file = "ujson-5.11.0-cp314-cp314t-manylinux_2_24_x86_64.manylinux_2_28_x86_64.whl", hash = "sha256:10f29e71ecf4ecd93a6610bd8efa8e7b6467454a363c3d6416db65de883eb076"},
    {file = "ujson-5.11.0-cp314-cp314t-musllinux_1_2_aarch64.whl", hash = "sha256:1a0a9b76a89827a592656fe12e000cf4f12da9692f51a841a4a07aa4c7ecc41c"},
    {file = "ujson-5.11.0-cp314-cp314t-musllinux_1_2_i686.whl", hash = "sha256:b16930f6a0753cdc7d637b33b4e8f10d5e351e1fb83872ba6375f1e87be39746"},
    {file = "ujson-5.11.0-cp314-cp314t-musllinux_1_2_x86_64.whl", hash = "sha256:04c41afc195fd477a59db3a84d5b83a871bd648ef371cf8c6f43072d89144eef"},
    {file = "ujson-5.11.0-cp314-cp314t-win32.whl", hash = "sha256:aa6d7a5e09217ff93234e050e3e380da62b084e26b9f2e277d2606406a2fc2e5"},
    {file = "ujson-5.11.0-cp314-cp314t-win_amd64.whl", hash = "sha256:48055e1061c1bb1f79e75b4ac39e821f3f35a9b82de17fce92c3140149009bec"},
    {file = "ujson-5.11.0-cp314-cp314t-win_arm64.whl", hash = "sha256:1194b943e951092db611011cb8dbdb6cf94a3b816ed07906e14d3bc6ce0e90ab"},
    {file = "ujson-5.11.0.tar.gz", hash = "sha256:e204ae6f909f099ba6b6b942131cee359ddda2b6e4ea39c12eb8b991fe2010e0"},
]
